// !$*UTF8*$!
{
	archiveVersion = 1;
	classes = {
	};
	objectVersion = 46;
	objects = {

/* Begin PBXBuildFile section */
		D40A91D81D1D189E00DF3A42 /* main.m in Sources */ = {isa = PBXBuildFile; fileRef = D40A91D71D1D189E00DF3A42 /* main.m */; };
		D40A91DB1D1D189E00DF3A42 /* AppDelegate.m in Sources */ = {isa = PBXBuildFile; fileRef = D40A91DA1D1D189E00DF3A42 /* AppDelegate.m */; };
		D40A91DE1D1D189E00DF3A42 /* ViewController.m in Sources */ = {isa = PBXBuildFile; fileRef = D40A91DD1D1D189E00DF3A42 /* ViewController.m */; };
		D40A91E11D1D189E00DF3A42 /* Main.storyboard in Resources */ = {isa = PBXBuildFile; fileRef = D40A91DF1D1D189E00DF3A42 /* Main.storyboard */; };
		D40A91E41D1D189E00DF3A42 /* ZTActionSheet.xcdatamodeld in Sources */ = {isa = PBXBuildFile; fileRef = D40A91E21D1D189E00DF3A42 /* ZTActionSheet.xcdatamodeld */; };
		D40A91E61D1D189E00DF3A42 /* Assets.xcassets in Resources */ = {isa = PBXBuildFile; fileRef = D40A91E51D1D189E00DF3A42 /* Assets.xcassets */; };
		D40A91E91D1D189E00DF3A42 /* LaunchScreen.storyboard in Resources */ = {isa = PBXBuildFile; fileRef = D40A91E71D1D189E00DF3A42 /* LaunchScreen.storyboard */; };
		D40A91F41D1D189E00DF3A42 /* ZTActionSheetTests.m in Sources */ = {isa = PBXBuildFile; fileRef = D40A91F31D1D189E00DF3A42 /* ZTActionSheetTests.m */; };
		D40A91FF1D1D189E00DF3A42 /* ZTActionSheetUITests.m in Sources */ = {isa = PBXBuildFile; fileRef = D40A91FE1D1D189E00DF3A42 /* ZTActionSheetUITests.m */; };
		D40A92131D1D18E200DF3A42 /* ActionSheetCell.m in Sources */ = {isa = PBXBuildFile; fileRef = D40A920E1D1D18E200DF3A42 /* ActionSheetCell.m */; };
		D40A92141D1D18E200DF3A42 /* ActionSheetCellModel.m in Sources */ = {isa = PBXBuildFile; fileRef = D40A92101D1D18E200DF3A42 /* ActionSheetCellModel.m */; };
		D40A92151D1D18E200DF3A42 /* WantSunView.m in Sources */ = {isa = PBXBuildFile; fileRef = D40A92121D1D18E200DF3A42 /* WantSunView.m */; };
		D40A922E1D1D198100DF3A42 /* MASCompositeConstraint.m in Sources */ = {isa = PBXBuildFile; fileRef = D40A92181D1D198100DF3A42 /* MASCompositeConstraint.m */; };
		D40A922F1D1D198100DF3A42 /* MASConstraint.m in Sources */ = {isa = PBXBuildFile; fileRef = D40A921B1D1D198100DF3A42 /* MASConstraint.m */; };
		D40A92301D1D198100DF3A42 /* MASConstraintMaker.m in Sources */ = {isa = PBXBuildFile; fileRef = D40A921D1D1D198100DF3A42 /* MASConstraintMaker.m */; };
		D40A92311D1D198100DF3A42 /* MASLayoutConstraint.m in Sources */ = {isa = PBXBuildFile; fileRef = D40A921F1D1D198100DF3A42 /* MASLayoutConstraint.m */; };
		D40A92321D1D198100DF3A42 /* MASViewAttribute.m in Sources */ = {isa = PBXBuildFile; fileRef = D40A92231D1D198100DF3A42 /* MASViewAttribute.m */; };
		D40A92331D1D198100DF3A42 /* MASViewConstraint.m in Sources */ = {isa = PBXBuildFile; fileRef = D40A92251D1D198100DF3A42 /* MASViewConstraint.m */; };
		D40A92341D1D198100DF3A42 /* NSArray+MASAdditions.m in Sources */ = {isa = PBXBuildFile; fileRef = D40A92271D1D198100DF3A42 /* NSArray+MASAdditions.m */; };
		D40A92351D1D198100DF3A42 /* NSLayoutConstraint+MASDebugAdditions.m in Sources */ = {isa = PBXBuildFile; fileRef = D40A922A1D1D198100DF3A42 /* NSLayoutConstraint+MASDebugAdditions.m */; };
		D40A92361D1D198100DF3A42 /* View+MASAdditions.m in Sources */ = {isa = PBXBuildFile; fileRef = D40A922C1D1D198100DF3A42 /* View+MASAdditions.m */; };
/* End PBXBuildFile section */

/* Begin PBXContainerItemProxy section */
		D40A91F01D1D189E00DF3A42 /* PBXContainerItemProxy */ = {
			isa = PBXContainerItemProxy;
			containerPortal = D40A91CB1D1D189E00DF3A42 /* Project object */;
			proxyType = 1;
			remoteGlobalIDString = D40A91D21D1D189E00DF3A42;
			remoteInfo = ZTActionSheet;
		};
		D40A91FB1D1D189E00DF3A42 /* PBXContainerItemProxy */ = {
			isa = PBXContainerItemProxy;
			containerPortal = D40A91CB1D1D189E00DF3A42 /* Project object */;
			proxyType = 1;
			remoteGlobalIDString = D40A91D21D1D189E00DF3A42;
			remoteInfo = ZTActionSheet;
		};
/* End PBXContainerItemProxy section */

/* Begin PBXFileReference section */
		D40A91D31D1D189E00DF3A42 /* ZTActionSheet.app */ = {isa = PBXFileReference; explicitFileType = wrapper.application; includeInIndex = 0; path = ZTActionSheet.app; sourceTree = BUILT_PRODUCTS_DIR; };
		D40A91D71D1D189E00DF3A42 /* main.m */ = {isa = PBXFileReference; lastKnownFileType = sourcecode.c.objc; path = main.m; sourceTree = "<group>"; };
		D40A91D91D1D189E00DF3A42 /* AppDelegate.h */ = {isa = PBXFileReference; lastKnownFileType = sourcecode.c.h; path = AppDelegate.h; sourceTree = "<group>"; };
		D40A91DA1D1D189E00DF3A42 /* AppDelegate.m */ = {isa = PBXFileReference; lastKnownFileType = sourcecode.c.objc; path = AppDelegate.m; sourceTree = "<group>"; };
		D40A91DC1D1D189E00DF3A42 /* ViewController.h */ = {isa = PBXFileReference; lastKnownFileType = sourcecode.c.h; path = ViewController.h; sourceTree = "<group>"; };
		D40A91DD1D1D189E00DF3A42 /* ViewController.m */ = {isa = PBXFileReference; lastKnownFileType = sourcecode.c.objc; path = ViewController.m; sourceTree = "<group>"; };
		D40A91E01D1D189E00DF3A42 /* Base */ = {isa = PBXFileReference; lastKnownFileType = file.storyboard; name = Base; path = Base.lproj/Main.storyboard; sourceTree = "<group>"; };
		D40A91E31D1D189E00DF3A42 /* ZTActionSheet.xcdatamodel */ = {isa = PBXFileReference; lastKnownFileType = wrapper.xcdatamodel; path = ZTActionSheet.xcdatamodel; sourceTree = "<group>"; };
		D40A91E51D1D189E00DF3A42 /* Assets.xcassets */ = {isa = PBXFileReference; lastKnownFileType = folder.assetcatalog; path = Assets.xcassets; sourceTree = "<group>"; };
		D40A91E81D1D189E00DF3A42 /* Base */ = {isa = PBXFileReference; lastKnownFileType = file.storyboard; name = Base; path = Base.lproj/LaunchScreen.storyboard; sourceTree = "<group>"; };
		D40A91EA1D1D189E00DF3A42 /* Info.plist */ = {isa = PBXFileReference; lastKnownFileType = text.plist.xml; path = Info.plist; sourceTree = "<group>"; };
		D40A91EF1D1D189E00DF3A42 /* ZTActionSheetTests.xctest */ = {isa = PBXFileReference; explicitFileType = wrapper.cfbundle; includeInIndex = 0; path = ZTActionSheetTests.xctest; sourceTree = BUILT_PRODUCTS_DIR; };
		D40A91F31D1D189E00DF3A42 /* ZTActionSheetTests.m */ = {isa = PBXFileReference; lastKnownFileType = sourcecode.c.objc; path = ZTActionSheetTests.m; sourceTree = "<group>"; };
		D40A91F51D1D189E00DF3A42 /* Info.plist */ = {isa = PBXFileReference; lastKnownFileType = text.plist.xml; path = Info.plist; sourceTree = "<group>"; };
		D40A91FA1D1D189E00DF3A42 /* ZTActionSheetUITests.xctest */ = {isa = PBXFileReference; explicitFileType = wrapper.cfbundle; includeInIndex = 0; path = ZTActionSheetUITests.xctest; sourceTree = BUILT_PRODUCTS_DIR; };
		D40A91FE1D1D189E00DF3A42 /* ZTActionSheetUITests.m */ = {isa = PBXFileReference; lastKnownFileType = sourcecode.c.objc; path = ZTActionSheetUITests.m; sourceTree = "<group>"; };
		D40A92001D1D189E00DF3A42 /* Info.plist */ = {isa = PBXFileReference; lastKnownFileType = text.plist.xml; path = Info.plist; sourceTree = "<group>"; };
		D40A920D1D1D18E200DF3A42 /* ActionSheetCell.h */ = {isa = PBXFileReference; fileEncoding = 4; lastKnownFileType = sourcecode.c.h; path = ActionSheetCell.h; sourceTree = "<group>"; };
		D40A920E1D1D18E200DF3A42 /* ActionSheetCell.m */ = {isa = PBXFileReference; fileEncoding = 4; lastKnownFileType = sourcecode.c.objc; path = ActionSheetCell.m; sourceTree = "<group>"; };
		D40A920F1D1D18E200DF3A42 /* ActionSheetCellModel.h */ = {isa = PBXFileReference; fileEncoding = 4; lastKnownFileType = sourcecode.c.h; path = ActionSheetCellModel.h; sourceTree = "<group>"; };
		D40A92101D1D18E200DF3A42 /* ActionSheetCellModel.m */ = {isa = PBXFileReference; fileEncoding = 4; lastKnownFileType = sourcecode.c.objc; path = ActionSheetCellModel.m; sourceTree = "<group>"; };
		D40A92111D1D18E200DF3A42 /* WantSunView.h */ = {isa = PBXFileReference; fileEncoding = 4; lastKnownFileType = sourcecode.c.h; path = WantSunView.h; sourceTree = "<group>"; };
		D40A92121D1D18E200DF3A42 /* WantSunView.m */ = {isa = PBXFileReference; fileEncoding = 4; lastKnownFileType = sourcecode.c.objc; path = WantSunView.m; sourceTree = "<group>"; };
		D40A92171D1D198100DF3A42 /* MASCompositeConstraint.h */ = {isa = PBXFileReference; fileEncoding = 4; lastKnownFileType = sourcecode.c.h; path = MASCompositeConstraint.h; sourceTree = "<group>"; };
		D40A92181D1D198100DF3A42 /* MASCompositeConstraint.m */ = {isa = PBXFileReference; fileEncoding = 4; lastKnownFileType = sourcecode.c.objc; path = MASCompositeConstraint.m; sourceTree = "<group>"; };
		D40A92191D1D198100DF3A42 /* MASConstraint+Private.h */ = {isa = PBXFileReference; fileEncoding = 4; lastKnownFileType = sourcecode.c.h; path = "MASConstraint+Private.h"; sourceTree = "<group>"; };
		D40A921A1D1D198100DF3A42 /* MASConstraint.h */ = {isa = PBXFileReference; fileEncoding = 4; lastKnownFileType = sourcecode.c.h; path = MASConstraint.h; sourceTree = "<group>"; };
		D40A921B1D1D198100DF3A42 /* MASConstraint.m */ = {isa = PBXFileReference; fileEncoding = 4; lastKnownFileType = sourcecode.c.objc; path = MASConstraint.m; sourceTree = "<group>"; };
		D40A921C1D1D198100DF3A42 /* MASConstraintMaker.h */ = {isa = PBXFileReference; fileEncoding = 4; lastKnownFileType = sourcecode.c.h; path = MASConstraintMaker.h; sourceTree = "<group>"; };
		D40A921D1D1D198100DF3A42 /* MASConstraintMaker.m */ = {isa = PBXFileReference; fileEncoding = 4; lastKnownFileType = sourcecode.c.objc; path = MASConstraintMaker.m; sourceTree = "<group>"; };
		D40A921E1D1D198100DF3A42 /* MASLayoutConstraint.h */ = {isa = PBXFileReference; fileEncoding = 4; lastKnownFileType = sourcecode.c.h; path = MASLayoutConstraint.h; sourceTree = "<group>"; };
		D40A921F1D1D198100DF3A42 /* MASLayoutConstraint.m */ = {isa = PBXFileReference; fileEncoding = 4; lastKnownFileType = sourcecode.c.objc; path = MASLayoutConstraint.m; sourceTree = "<group>"; };
		D40A92201D1D198100DF3A42 /* Masonry.h */ = {isa = PBXFileReference; fileEncoding = 4; lastKnownFileType = sourcecode.c.h; path = Masonry.h; sourceTree = "<group>"; };
		D40A92211D1D198100DF3A42 /* MASUtilities.h */ = {isa = PBXFileReference; fileEncoding = 4; lastKnownFileType = sourcecode.c.h; path = MASUtilities.h; sourceTree = "<group>"; };
		D40A92221D1D198100DF3A42 /* MASViewAttribute.h */ = {isa = PBXFileReference; fileEncoding = 4; lastKnownFileType = sourcecode.c.h; path = MASViewAttribute.h; sourceTree = "<group>"; };
		D40A92231D1D198100DF3A42 /* MASViewAttribute.m */ = {isa = PBXFileReference; fileEncoding = 4; lastKnownFileType = sourcecode.c.objc; path = MASViewAttribute.m; sourceTree = "<group>"; };
		D40A92241D1D198100DF3A42 /* MASViewConstraint.h */ = {isa = PBXFileReference; fileEncoding = 4; lastKnownFileType = sourcecode.c.h; path = MASViewConstraint.h; sourceTree = "<group>"; };
		D40A92251D1D198100DF3A42 /* MASViewConstraint.m */ = {isa = PBXFileReference; fileEncoding = 4; lastKnownFileType = sourcecode.c.objc; path = MASViewConstraint.m; sourceTree = "<group>"; };
		D40A92261D1D198100DF3A42 /* NSArray+MASAdditions.h */ = {isa = PBXFileReference; fileEncoding = 4; lastKnownFileType = sourcecode.c.h; path = "NSArray+MASAdditions.h"; sourceTree = "<group>"; };
		D40A92271D1D198100DF3A42 /* NSArray+MASAdditions.m */ = {isa = PBXFileReference; fileEncoding = 4; lastKnownFileType = sourcecode.c.objc; path = "NSArray+MASAdditions.m"; sourceTree = "<group>"; };
		D40A92281D1D198100DF3A42 /* NSArray+MASShorthandAdditions.h */ = {isa = PBXFileReference; fileEncoding = 4; lastKnownFileType = sourcecode.c.h; path = "NSArray+MASShorthandAdditions.h"; sourceTree = "<group>"; };
		D40A92291D1D198100DF3A42 /* NSLayoutConstraint+MASDebugAdditions.h */ = {isa = PBXFileReference; fileEncoding = 4; lastKnownFileType = sourcecode.c.h; path = "NSLayoutConstraint+MASDebugAdditions.h"; sourceTree = "<group>"; };
		D40A922A1D1D198100DF3A42 /* NSLayoutConstraint+MASDebugAdditions.m */ = {isa = PBXFileReference; fileEncoding = 4; lastKnownFileType = sourcecode.c.objc; path = "NSLayoutConstraint+MASDebugAdditions.m"; sourceTree = "<group>"; };
		D40A922B1D1D198100DF3A42 /* View+MASAdditions.h */ = {isa = PBXFileReference; fileEncoding = 4; lastKnownFileType = sourcecode.c.h; path = "View+MASAdditions.h"; sourceTree = "<group>"; };
		D40A922C1D1D198100DF3A42 /* View+MASAdditions.m */ = {isa = PBXFileReference; fileEncoding = 4; lastKnownFileType = sourcecode.c.objc; path = "View+MASAdditions.m"; sourceTree = "<group>"; };
		D40A922D1D1D198100DF3A42 /* View+MASShorthandAdditions.h */ = {isa = PBXFileReference; fileEncoding = 4; lastKnownFileType = sourcecode.c.h; path = "View+MASShorthandAdditions.h"; sourceTree = "<group>"; };
/* End PBXFileReference section */

/* Begin PBXFrameworksBuildPhase section */
		D40A91D01D1D189E00DF3A42 /* Frameworks */ = {
			isa = PBXFrameworksBuildPhase;
			buildActionMask = 2147483647;
			files = (
			);
			runOnlyForDeploymentPostprocessing = 0;
		};
		D40A91EC1D1D189E00DF3A42 /* Frameworks */ = {
			isa = PBXFrameworksBuildPhase;
			buildActionMask = 2147483647;
			files = (
			);
			runOnlyForDeploymentPostprocessing = 0;
		};
		D40A91F71D1D189E00DF3A42 /* Frameworks */ = {
			isa = PBXFrameworksBuildPhase;
			buildActionMask = 2147483647;
			files = (
			);
			runOnlyForDeploymentPostprocessing = 0;
		};
/* End PBXFrameworksBuildPhase section */

/* Begin PBXGroup section */
		D40A91CA1D1D189E00DF3A42 = {
			isa = PBXGroup;
			children = (
				D40A91D51D1D189E00DF3A42 /* ZTActionSheet */,
				D40A91F21D1D189E00DF3A42 /* ZTActionSheetTests */,
				D40A91FD1D1D189E00DF3A42 /* ZTActionSheetUITests */,
				D40A91D41D1D189E00DF3A42 /* Products */,
			);
			sourceTree = "<group>";
		};
		D40A91D41D1D189E00DF3A42 /* Products */ = {
			isa = PBXGroup;
			children = (
				D40A91D31D1D189E00DF3A42 /* ZTActionSheet.app */,
				D40A91EF1D1D189E00DF3A42 /* ZTActionSheetTests.xctest */,
				D40A91FA1D1D189E00DF3A42 /* ZTActionSheetUITests.xctest */,
			);
			name = Products;
			sourceTree = "<group>";
		};
		D40A91D51D1D189E00DF3A42 /* ZTActionSheet */ = {
			isa = PBXGroup;
			children = (
				D40A92161D1D198100DF3A42 /* Masonry */,
				D40A920C1D1D18CB00DF3A42 /* CustomAction */,
				D40A91D91D1D189E00DF3A42 /* AppDelegate.h */,
				D40A91DA1D1D189E00DF3A42 /* AppDelegate.m */,
				D40A91DC1D1D189E00DF3A42 /* ViewController.h */,
				D40A91DD1D1D189E00DF3A42 /* ViewController.m */,
				D40A91DF1D1D189E00DF3A42 /* Main.storyboard */,
				D40A91E51D1D189E00DF3A42 /* Assets.xcassets */,
				D40A91E71D1D189E00DF3A42 /* LaunchScreen.storyboard */,
				D40A91EA1D1D189E00DF3A42 /* Info.plist */,
				D40A91E21D1D189E00DF3A42 /* ZTActionSheet.xcdatamodeld */,
				D40A91D61D1D189E00DF3A42 /* Supporting Files */,
			);
			path = ZTActionSheet;
			sourceTree = "<group>";
		};
		D40A91D61D1D189E00DF3A42 /* Supporting Files */ = {
			isa = PBXGroup;
			children = (
				D40A91D71D1D189E00DF3A42 /* main.m */,
			);
			name = "Supporting Files";
			sourceTree = "<group>";
		};
		D40A91F21D1D189E00DF3A42 /* ZTActionSheetTests */ = {
			isa = PBXGroup;
			children = (
				D40A91F31D1D189E00DF3A42 /* ZTActionSheetTests.m */,
				D40A91F51D1D189E00DF3A42 /* Info.plist */,
			);
			path = ZTActionSheetTests;
			sourceTree = "<group>";
		};
		D40A91FD1D1D189E00DF3A42 /* ZTActionSheetUITests */ = {
			isa = PBXGroup;
			children = (
				D40A91FE1D1D189E00DF3A42 /* ZTActionSheetUITests.m */,
				D40A92001D1D189E00DF3A42 /* Info.plist */,
			);
			path = ZTActionSheetUITests;
			sourceTree = "<group>";
		};
		D40A920C1D1D18CB00DF3A42 /* CustomAction */ = {
			isa = PBXGroup;
			children = (
				D40A920D1D1D18E200DF3A42 /* ActionSheetCell.h */,
				D40A920E1D1D18E200DF3A42 /* ActionSheetCell.m */,
				D40A920F1D1D18E200DF3A42 /* ActionSheetCellModel.h */,
				D40A92101D1D18E200DF3A42 /* ActionSheetCellModel.m */,
				D40A92111D1D18E200DF3A42 /* WantSunView.h */,
				D40A92121D1D18E200DF3A42 /* WantSunView.m */,
			);
			name = CustomAction;
			sourceTree = "<group>";
		};
		D40A92161D1D198100DF3A42 /* Masonry */ = {
			isa = PBXGroup;
			children = (
				D40A92171D1D198100DF3A42 /* MASCompositeConstraint.h */,
				D40A92181D1D198100DF3A42 /* MASCompositeConstraint.m */,
				D40A92191D1D198100DF3A42 /* MASConstraint+Private.h */,
				D40A921A1D1D198100DF3A42 /* MASConstraint.h */,
				D40A921B1D1D198100DF3A42 /* MASConstraint.m */,
				D40A921C1D1D198100DF3A42 /* MASConstraintMaker.h */,
				D40A921D1D1D198100DF3A42 /* MASConstraintMaker.m */,
				D40A921E1D1D198100DF3A42 /* MASLayoutConstraint.h */,
				D40A921F1D1D198100DF3A42 /* MASLayoutConstraint.m */,
				D40A92201D1D198100DF3A42 /* Masonry.h */,
				D40A92211D1D198100DF3A42 /* MASUtilities.h */,
				D40A92221D1D198100DF3A42 /* MASViewAttribute.h */,
				D40A92231D1D198100DF3A42 /* MASViewAttribute.m */,
				D40A92241D1D198100DF3A42 /* MASViewConstraint.h */,
				D40A92251D1D198100DF3A42 /* MASViewConstraint.m */,
				D40A92261D1D198100DF3A42 /* NSArray+MASAdditions.h */,
				D40A92271D1D198100DF3A42 /* NSArray+MASAdditions.m */,
				D40A92281D1D198100DF3A42 /* NSArray+MASShorthandAdditions.h */,
				D40A92291D1D198100DF3A42 /* NSLayoutConstraint+MASDebugAdditions.h */,
				D40A922A1D1D198100DF3A42 /* NSLayoutConstraint+MASDebugAdditions.m */,
				D40A922B1D1D198100DF3A42 /* View+MASAdditions.h */,
				D40A922C1D1D198100DF3A42 /* View+MASAdditions.m */,
				D40A922D1D1D198100DF3A42 /* View+MASShorthandAdditions.h */,
			);
			path = Masonry;
			sourceTree = "<group>";
		};
/* End PBXGroup section */

/* Begin PBXNativeTarget section */
		D40A91D21D1D189E00DF3A42 /* ZTActionSheet */ = {
			isa = PBXNativeTarget;
			buildConfigurationList = D40A92031D1D189E00DF3A42 /* Build configuration list for PBXNativeTarget "ZTActionSheet" */;
			buildPhases = (
				D40A91CF1D1D189E00DF3A42 /* Sources */,
				D40A91D01D1D189E00DF3A42 /* Frameworks */,
				D40A91D11D1D189E00DF3A42 /* Resources */,
			);
			buildRules = (
			);
			dependencies = (
			);
			name = ZTActionSheet;
			productName = ZTActionSheet;
			productReference = D40A91D31D1D189E00DF3A42 /* ZTActionSheet.app */;
			productType = "com.apple.product-type.application";
		};
		D40A91EE1D1D189E00DF3A42 /* ZTActionSheetTests */ = {
			isa = PBXNativeTarget;
			buildConfigurationList = D40A92061D1D189E00DF3A42 /* Build configuration list for PBXNativeTarget "ZTActionSheetTests" */;
			buildPhases = (
				D40A91EB1D1D189E00DF3A42 /* Sources */,
				D40A91EC1D1D189E00DF3A42 /* Frameworks */,
				D40A91ED1D1D189E00DF3A42 /* Resources */,
			);
			buildRules = (
			);
			dependencies = (
				D40A91F11D1D189E00DF3A42 /* PBXTargetDependency */,
			);
			name = ZTActionSheetTests;
			productName = ZTActionSheetTests;
			productReference = D40A91EF1D1D189E00DF3A42 /* ZTActionSheetTests.xctest */;
			productType = "com.apple.product-type.bundle.unit-test";
		};
		D40A91F91D1D189E00DF3A42 /* ZTActionSheetUITests */ = {
			isa = PBXNativeTarget;
			buildConfigurationList = D40A92091D1D189E00DF3A42 /* Build configuration list for PBXNativeTarget "ZTActionSheetUITests" */;
			buildPhases = (
				D40A91F61D1D189E00DF3A42 /* Sources */,
				D40A91F71D1D189E00DF3A42 /* Frameworks */,
				D40A91F81D1D189E00DF3A42 /* Resources */,
			);
			buildRules = (
			);
			dependencies = (
				D40A91FC1D1D189E00DF3A42 /* PBXTargetDependency */,
			);
			name = ZTActionSheetUITests;
			productName = ZTActionSheetUITests;
			productReference = D40A91FA1D1D189E00DF3A42 /* ZTActionSheetUITests.xctest */;
			productType = "com.apple.product-type.bundle.ui-testing";
		};
/* End PBXNativeTarget section */

/* Begin PBXProject section */
		D40A91CB1D1D189E00DF3A42 /* Project object */ = {
			isa = PBXProject;
			attributes = {
				LastUpgradeCheck = 0730;
				ORGANIZATIONNAME = itcast;
				TargetAttributes = {
					D40A91D21D1D189E00DF3A42 = {
						CreatedOnToolsVersion = 7.3.1;
					};
					D40A91EE1D1D189E00DF3A42 = {
						CreatedOnToolsVersion = 7.3.1;
						TestTargetID = D40A91D21D1D189E00DF3A42;
					};
					D40A91F91D1D189E00DF3A42 = {
						CreatedOnToolsVersion = 7.3.1;
						TestTargetID = D40A91D21D1D189E00DF3A42;
					};
				};
			};
			buildConfigurationList = D40A91CE1D1D189E00DF3A42 /* Build configuration list for PBXProject "ZTActionSheet" */;
			compatibilityVersion = "Xcode 3.2";
			developmentRegion = English;
			hasScannedForEncodings = 0;
			knownRegions = (
				en,
				Base,
			);
			mainGroup = D40A91CA1D1D189E00DF3A42;
			productRefGroup = D40A91D41D1D189E00DF3A42 /* Products */;
			projectDirPath = "";
			projectRoot = "";
			targets = (
				D40A91D21D1D189E00DF3A42 /* ZTActionSheet */,
				D40A91EE1D1D189E00DF3A42 /* ZTActionSheetTests */,
				D40A91F91D1D189E00DF3A42 /* ZTActionSheetUITests */,
			);
		};
/* End PBXProject section */

/* Begin PBXResourcesBuildPhase section */
		D40A91D11D1D189E00DF3A42 /* Resources */ = {
			isa = PBXResourcesBuildPhase;
			buildActionMask = 2147483647;
			files = (
				D40A91E91D1D189E00DF3A42 /* LaunchScreen.storyboard in Resources */,
				D40A91E61D1D189E00DF3A42 /* Assets.xcassets in Resources */,
				D40A91E11D1D189E00DF3A42 /* Main.storyboard in Resources */,
			);
			runOnlyForDeploymentPostprocessing = 0;
		};
		D40A91ED1D1D189E00DF3A42 /* Resources */ = {
			isa = PBXResourcesBuildPhase;
			buildActionMask = 2147483647;
			files = (
			);
			runOnlyForDeploymentPostprocessing = 0;
		};
		D40A91F81D1D189E00DF3A42 /* Resources */ = {
			isa = PBXResourcesBuildPhase;
			buildActionMask = 2147483647;
			files = (
			);
			runOnlyForDeploymentPostprocessing = 0;
		};
/* End PBXResourcesBuildPhase section */

/* Begin PBXSourcesBuildPhase section */
		D40A91CF1D1D189E00DF3A42 /* Sources */ = {
			isa = PBXSourcesBuildPhase;
			buildActionMask = 2147483647;
			files = (
				D40A92341D1D198100DF3A42 /* NSArray+MASAdditions.m in Sources */,
				D40A92331D1D198100DF3A42 /* MASViewConstraint.m in Sources */,
				D40A91DE1D1D189E00DF3A42 /* ViewController.m in Sources */,
				D40A92301D1D198100DF3A42 /* MASConstraintMaker.m in Sources */,
				D40A92361D1D198100DF3A42 /* View+MASAdditions.m in Sources */,
				D40A92131D1D18E200DF3A42 /* ActionSheetCell.m in Sources */,
				D40A922F1D1D198100DF3A42 /* MASConstraint.m in Sources */,
				D40A91DB1D1D189E00DF3A42 /* AppDelegate.m in Sources */,
				D40A92321D1D198100DF3A42 /* MASViewAttribute.m in Sources */,
				D40A92351D1D198100DF3A42 /* NSLayoutConstraint+MASDebugAdditions.m in Sources */,
				D40A91D81D1D189E00DF3A42 /* main.m in Sources */,
				D40A922E1D1D198100DF3A42 /* MASCompositeConstraint.m in Sources */,
				D40A92311D1D198100DF3A42 /* MASLayoutConstraint.m in Sources */,
				D40A91E41D1D189E00DF3A42 /* ZTActionSheet.xcdatamodeld in Sources */,
				D40A92141D1D18E200DF3A42 /* ActionSheetCellModel.m in Sources */,
				D40A92151D1D18E200DF3A42 /* WantSunView.m in Sources */,
			);
			runOnlyForDeploymentPostprocessing = 0;
		};
		D40A91EB1D1D189E00DF3A42 /* Sources */ = {
			isa = PBXSourcesBuildPhase;
			buildActionMask = 2147483647;
			files = (
				D40A91F41D1D189E00DF3A42 /* ZTActionSheetTests.m in Sources */,
			);
			runOnlyForDeploymentPostprocessing = 0;
		};
		D40A91F61D1D189E00DF3A42 /* Sources */ = {
			isa = PBXSourcesBuildPhase;
			buildActionMask = 2147483647;
			files = (
				D40A91FF1D1D189E00DF3A42 /* ZTActionSheetUITests.m in Sources */,
			);
			runOnlyForDeploymentPostprocessing = 0;
		};
/* End PBXSourcesBuildPhase section */

/* Begin PBXTargetDependency section */
		D40A91F11D1D189E00DF3A42 /* PBXTargetDependency */ = {
			isa = PBXTargetDependency;
			target = D40A91D21D1D189E00DF3A42 /* ZTActionSheet */;
			targetProxy = D40A91F01D1D189E00DF3A42 /* PBXContainerItemProxy */;
		};
		D40A91FC1D1D189E00DF3A42 /* PBXTargetDependency */ = {
			isa = PBXTargetDependency;
			target = D40A91D21D1D189E00DF3A42 /* ZTActionSheet */;
			targetProxy = D40A91FB1D1D189E00DF3A42 /* PBXContainerItemProxy */;
		};
/* End PBXTargetDependency section */

/* Begin PBXVariantGroup section */
		D40A91DF1D1D189E00DF3A42 /* Main.storyboard */ = {
			isa = PBXVariantGroup;
			children = (
				D40A91E01D1D189E00DF3A42 /* Base */,
			);
			name = Main.storyboard;
			sourceTree = "<group>";
		};
		D40A91E71D1D189E00DF3A42 /* LaunchScreen.storyboard */ = {
			isa = PBXVariantGroup;
			children = (
				D40A91E81D1D189E00DF3A42 /* Base */,
			);
			name = LaunchScreen.storyboard;
			sourceTree = "<group>";
		};
/* End PBXVariantGroup section */

/* Begin XCBuildConfiguration section */
		D40A92011D1D189E00DF3A42 /* Debug */ = {
			isa = XCBuildConfiguration;
			buildSettings = {
				ALWAYS_SEARCH_USER_PATHS = NO;
				CLANG_ANALYZER_NONNULL = YES;
				CLANG_CXX_LANGUAGE_STANDARD = "gnu++0x";
				CLANG_CXX_LIBRARY = "libc++";
				CLANG_ENABLE_MODULES = YES;
				CLANG_ENABLE_OBJC_ARC = YES;
				CLANG_WARN_BOOL_CONVERSION = YES;
				CLANG_WARN_CONSTANT_CONVERSION = YES;
				CLANG_WARN_DIRECT_OBJC_ISA_USAGE = YES_ERROR;
				CLANG_WARN_EMPTY_BODY = YES;
				CLANG_WARN_ENUM_CONVERSION = YES;
				CLANG_WARN_INT_CONVERSION = YES;
				CLANG_WARN_OBJC_ROOT_CLASS = YES_ERROR;
				CLANG_WARN_UNREACHABLE_CODE = YES;
				CLANG_WARN__DUPLICATE_METHOD_MATCH = YES;
				"CODE_SIGN_IDENTITY[sdk=iphoneos*]" = "iPhone Developer";
				COPY_PHASE_STRIP = NO;
				DEBUG_INFORMATION_FORMAT = dwarf;
				ENABLE_STRICT_OBJC_MSGSEND = YES;
				ENABLE_TESTABILITY = YES;
				GCC_C_LANGUAGE_STANDARD = gnu99;
				GCC_DYNAMIC_NO_PIC = NO;
				GCC_NO_COMMON_BLOCKS = YES;
				GCC_OPTIMIZATION_LEVEL = 0;
				GCC_PREPROCESSOR_DEFINITIONS = (
					"DEBUG=1",
					"$(inherited)",
				);
				GCC_WARN_64_TO_32_BIT_CONVERSION = YES;
				GCC_WARN_ABOUT_RETURN_TYPE = YES_ERROR;
				GCC_WARN_UNDECLARED_SELECTOR = YES;
				GCC_WARN_UNINITIALIZED_AUTOS = YES_AGGRESSIVE;
				GCC_WARN_UNUSED_FUNCTION = YES;
				GCC_WARN_UNUSED_VARIABLE = YES;
				IPHONEOS_DEPLOYMENT_TARGET = 9.3;
				MTL_ENABLE_DEBUG_INFO = YES;
				ONLY_ACTIVE_ARCH = YES;
				SDKROOT = iphoneos;
			};
			name = Debug;
		};
		D40A92021D1D189E00DF3A42 /* Release */ = {
			isa = XCBuildConfiguration;
			buildSettings = {
				ALWAYS_SEARCH_USER_PATHS = NO;
				CLANG_ANALYZER_NONNULL = YES;
				CLANG_CXX_LANGUAGE_STANDARD = "gnu++0x";
				CLANG_CXX_LIBRARY = "libc++";
				CLANG_ENABLE_MODULES = YES;
				CLANG_ENABLE_OBJC_ARC = YES;
				CLANG_WARN_BOOL_CONVERSION = YES;
				CLANG_WARN_CONSTANT_CONVERSION = YES;
				CLANG_WARN_DIRECT_OBJC_ISA_USAGE = YES_ERROR;
				CLANG_WARN_EMPTY_BODY = YES;
				CLANG_WARN_ENUM_CONVERSION = YES;
				CLANG_WARN_INT_CONVERSION = YES;
				CLANG_WARN_OBJC_ROOT_CLASS = YES_ERROR;
				CLANG_WARN_UNREACHABLE_CODE = YES;
				CLANG_WARN__DUPLICATE_METHOD_MATCH = YES;
				"CODE_SIGN_IDENTITY[sdk=iphoneos*]" = "iPhone Developer";
				COPY_PHASE_STRIP = NO;
				DEBUG_INFORMATION_FORMAT = "dwarf-with-dsym";
				ENABLE_NS_ASSERTIONS = NO;
				ENABLE_STRICT_OBJC_MSGSEND = YES;
				GCC_C_LANGUAGE_STANDARD = gnu99;
				GCC_NO_COMMON_BLOCKS = YES;
				GCC_WARN_64_TO_32_BIT_CONVERSION = YES;
				GCC_WARN_ABOUT_RETURN_TYPE = YES_ERROR;
				GCC_WARN_UNDECLARED_SELECTOR = YES;
				GCC_WARN_UNINITIALIZED_AUTOS = YES_AGGRESSIVE;
				GCC_WARN_UNUSED_FUNCTION = YES;
				GCC_WARN_UNUSED_VARIABLE = YES;
				IPHONEOS_DEPLOYMENT_TARGET = 9.3;
				MTL_ENABLE_DEBUG_INFO = NO;
				SDKROOT = iphoneos;
				VALIDATE_PRODUCT = YES;
			};
			name = Release;
		};
		D40A92041D1D189E00DF3A42 /* Debug */ = {
			isa = XCBuildConfiguration;
			buildSettings = {
				ASSETCATALOG_COMPILER_APPICON_NAME = AppIcon;
				INFOPLIST_FILE = ZTActionSheet/Info.plist;
				LD_RUNPATH_SEARCH_PATHS = "$(inherited) @executable_path/Frameworks";
				PRODUCT_BUNDLE_IDENTIFIER = cn.itcast.ZTActionSheet;
				PRODUCT_NAME = "$(TARGET_NAME)";
			};
			name = Debug;
		};
		D40A92051D1D189E00DF3A42 /* Release */ = {
			isa = XCBuildConfiguration;
			buildSettings = {
				ASSETCATALOG_COMPILER_APPICON_NAME = AppIcon;
				INFOPLIST_FILE = ZTActionSheet/Info.plist;
				LD_RUNPATH_SEARCH_PATHS = "$(inherited) @executable_path/Frameworks";
				PRODUCT_BUNDLE_IDENTIFIER = cn.itcast.ZTActionSheet;
				PRODUCT_NAME = "$(TARGET_NAME)";
			};
			name = Release;
		};
		D40A92071D1D189E00DF3A42 /* Debug */ = {
			isa = XCBuildConfiguration;
			buildSettings = {
				BUNDLE_LOADER = "$(TEST_HOST)";
				INFOPLIST_FILE = ZTActionSheetTests/Info.plist;
				LD_RUNPATH_SEARCH_PATHS = "$(inherited) @executable_path/Frameworks @loader_path/Frameworks";
				PRODUCT_BUNDLE_IDENTIFIER = cn.itcast.ZTActionSheetTests;
				PRODUCT_NAME = "$(TARGET_NAME)";
				TEST_HOST = "$(BUILT_PRODUCTS_DIR)/ZTActionSheet.app/ZTActionSheet";
			};
			name = Debug;
		};
		D40A92081D1D189E00DF3A42 /* Release */ = {
			isa = XCBuildConfiguration;
			buildSettings = {
				BUNDLE_LOADER = "$(TEST_HOST)";
				INFOPLIST_FILE = ZTActionSheetTests/Info.plist;
				LD_RUNPATH_SEARCH_PATHS = "$(inherited) @executable_path/Frameworks @loader_path/Frameworks";
				PRODUCT_BUNDLE_IDENTIFIER = cn.itcast.ZTActionSheetTests;
				PRODUCT_NAME = "$(TARGET_NAME)";
				TEST_HOST = "$(BUILT_PRODUCTS_DIR)/ZTActionSheet.app/ZTActionSheet";
			};
			name = Release;
		};
		D40A920A1D1D189E00DF3A42 /* Debug */ = {
			isa = XCBuildConfiguration;
			buildSettings = {
				INFOPLIST_FILE = ZTActionSheetUITests/Info.plist;
				LD_RUNPATH_SEARCH_PATHS = "$(inherited) @executable_path/Frameworks @loader_path/Frameworks";
				PRODUCT_BUNDLE_IDENTIFIER = cn.itcast.ZTActionSheetUITests;
				PRODUCT_NAME = "$(TARGET_NAME)";
				TEST_TARGET_NAME = ZTActionSheet;
			};
			name = Debug;
		};
		D40A920B1D1D189E00DF3A42 /* Release */ = {
			isa = XCBuildConfiguration;
			buildSettings = {
				INFOPLIST_FILE = ZTActionSheetUITests/Info.plist;
				LD_RUNPATH_SEARCH_PATHS = "$(inherited) @executable_path/Frameworks @loader_path/Frameworks";
				PRODUCT_BUNDLE_IDENTIFIER = cn.itcast.ZTActionSheetUITests;
				PRODUCT_NAME = "$(TARGET_NAME)";
				TEST_TARGET_NAME = ZTActionSheet;
			};
			name = Release;
		};
/* End XCBuildConfiguration section */

/* Begin XCConfigurationList section */
		D40A91CE1D1D189E00DF3A42 /* Build configuration list for PBXProject "ZTActionSheet" */ = {
			isa = XCConfigurationList;
			buildConfigurations = (
				D40A92011D1D189E00DF3A42 /* Debug */,
				D40A92021D1D189E00DF3A42 /* Release */,
			);
			defaultConfigurationIsVisible = 0;
			defaultConfigurationName = Release;
		};
		D40A92031D1D189E00DF3A42 /* Build configuration list for PBXNativeTarget "ZTActionSheet" */ = {
			isa = XCConfigurationList;
			buildConfigurations = (
				D40A92041D1D189E00DF3A42 /* Debug */,
				D40A92051D1D189E00DF3A42 /* Release */,
			);
			defaultConfigurationIsVisible = 0;
		};
		D40A92061D1D189E00DF3A42 /* Build configuration list for PBXNativeTarget "ZTActionSheetTests" */ = {
			isa = XCConfigurationList;
			buildConfigurations = (
				D40A92071D1D189E00DF3A42 /* Debug */,
				D40A92081D1D189E00DF3A42 /* Release */,
			);
			defaultConfigurationIsVisible = 0;
		};
		D40A92091D1D189E00DF3A42 /* Build configuration list for PBXNativeTarget "ZTActionSheetUITests" */ = {
			isa = XCConfigurationList;
			buildConfigurations = (
				D40A920A1D1D189E00DF3A42 /* Debug */,
				D40A920B1D1D189E00DF3A42 /* Release */,
			);
			defaultConfigurationIsVisible = 0;
		};
/* End XCConfigurationList section */

/* Begin XCVersionGroup section */
		D40A91E21D1D189E00DF3A42 /* ZTActionSheet.xcdatamodeld */ = {
			isa = XCVersionGroup;
			children = (
				D40A91E31D1D189E00DF3A42 /* ZTActionSheet.xcdatamodel */,
			);
			currentVersion = D40A91E31D1D189E00DF3A42 /* ZTActionSheet.xcdatamodel */;
			path = ZTActionSheet.xcdatamodeld;
			sourceTree = "<group>";
			versionGroupType = wrapper.xcdatamodel;
		};
/* End XCVersionGroup section */
	};
	rootObject = D40A91CB1D1D189E00DF3A42 /* Project object */;
}
